dependencies:
- name: mysql
  repository: https://charts.bitnami.com/bitnami
  version: 14.0.3
- name: mariadb
  repository: https://charts.bitnami.com/bitnami
  version: 23.2.4
- name: redis
  repository: https://charts.bitnami.com/bitnami
  version: 23.2.12
digest: sha256:ecd5a37210abd403d48692d4752ae61aedc51ac14ddbca60fae1680be76f43e9
generated: "2025-11-17T17:32:11.861753-06:00"
