dependencies:
- name: grafana
  repository: https://charts.bitnami.com/bitnami
  version: 12.1.8
- name: loki
  repository: https://grafana.github.io/helm-charts
  version: 6.49.0
- name: mysql
  repository: https://charts.bitnami.com/bitnami
  version: 14.0.3
- name: mariadb
  repository: https://charts.bitnami.com/bitnami
  version: 24.0.2
- name: prometheus
  repository: https://charts.bitnami.com/bitnami
  version: 2.1.23
- name: redis
  repository: https://charts.bitnami.com/bitnami
  version: 24.1.0
digest: sha256:45ad2f58ec13c46a5d1eb1d1edaa64fcc5854883f347e175bd66dcd89403abf8
generated: "2026-01-01T16:56:10.471486404Z"
